{
  "lockfile_version": "1",
  "packages": {
    "bun@latest": {
      "last_modified": "2025-12-19T06:18:24Z",
      "resolved": "github:NixOS/nixpkgs/7d853e518814cca2a657b72eeba67ae20ebf7059#bun",
      "source": "devbox-search",
      "version": "1.3.5",
      "systems": {
        "aarch64-darwin": {
          "outputs": [
            {
              "name": "out",
              "path": "/nix/store/y8i9bg0dmbcr8xl7z2qr3q469p8zpy92-bun-1.3.5",
              "default": true
            }
          ],
          "store_path": "/nix/store/y8i9bg0dmbcr8xl7z2qr3q469p8zpy92-bun-1.3.5"
        },
        "aarch64-linux": {
          "outputs": [
            {
              "name": "out",
              "path": "/nix/store/19r2z9d6g2sk2axi14g3hfjbcd0r6sa7-bun-1.3.5",
              "default": true
            }
          ],
          "store_path": "/nix/store/19r2z9d6g2sk2axi14g3hfjbcd0r6sa7-bun-1.3.5"
        },
        "x86_64-darwin": {
          "outputs": [
            {
              "name": "out",
              "path": "/nix/store/0500h67pqlc7vxq0nbxgmfqsxammm39h-bun-1.3.5",
              "default": true
            }
          ],
          "store_path": "/nix/store/0500h67pqlc7vxq0nbxgmfqsxammm39h-bun-1.3.5"
        },
        "x86_64-linux": {
          "outputs": [
            {
              "name": "out",
              "path": "/nix/store/jw2mdc7mmp5zdgl9xrzidnnci5dx40ci-bun-1.3.5",
              "default": true
            }
          ],
          "store_path": "/nix/store/jw2mdc7mmp5zdgl9xrzidnnci5dx40ci-bun-1.3.5"
        }
      }
    },
    "git@latest": {
      "last_modified": "2025-11-23T21:50:36Z",
      "resolved": "github:NixOS/nixpkgs/ee09932cedcef15aaf476f9343d1dea2cb77e261#git",
      "source": "devbox-search",
      "version": "2.51.2",
      "systems": {
        "aarch64-darwin": {
          "outputs": [
            {
              "name": "out",
              "path": "/nix/store/x34bh6s6ighg7lb74nkjbx3nx52zj0j9-git-2.51.2",
              "default": true
            },
            {
              "name": "doc",
              "path": "/nix/store/6wnscv0364r6430qmx33nn927dlw2vnf-git-2.51.2-doc"
            }
          ],
          "store_path": "/nix/store/x34bh6s6ighg7lb74nkjbx3nx52zj0j9-git-2.51.2"
        },
        "aarch64-linux": {
          "outputs": [
            {
              "name": "out",
              "path": "/nix/store/gzdcfmx2p9nvd4z21b6ns00cp4sv1d2h-git-2.51.2",
              "default": true
            },
            {
              "name": "debug",
              "path": "/nix/store/5l5ln59lpi4qv2qm59aqchlz32j9zcm9-git-2.51.2-debug"
            },
            {
              "name": "doc",
              "path": "/nix/store/w28mqxb1bd51f5rwh5127pvbp31lnqmv-git-2.51.2-doc"
            }
          ],
          "store_path": "/nix/store/gzdcfmx2p9nvd4z21b6ns00cp4sv1d2h-git-2.51.2"
        },
        "x86_64-darwin": {
          "outputs": [
            {
              "name": "out",
              "path": "/nix/store/zz5xiyzpnn06cdgw1xnlvs1sbly5247r-git-2.51.2",
              "default": true
            },
            {
              "name": "doc",
              "path": "/nix/store/vrisnm56c5v8mzbv55yrq28wgkvga8nm-git-2.51.2-doc"
            }
          ],
          "store_path": "/nix/store/zz5xiyzpnn06cdgw1xnlvs1sbly5247r-git-2.51.2"
        },
        "x86_64-linux": {
          "outputs": [
            {
              "name": "out",
              "path": "/nix/store/4qhdhmi7pzgad0zfd7c5lsg235mbf9hv-git-2.51.2",
              "default": true
            },
            {
              "name": "debug",
              "path": "/nix/store/pjr2vd588sxa47glfg0ky0df3vk79dcs-git-2.51.2-debug"
            },
            {
              "name": "doc",
              "path": "/nix/store/9k6ivrdddy9s3z1hiwgavl0kfr2czgav-git-2.51.2-doc"
            }
          ],
          "store_path": "/nix/store/4qhdhmi7pzgad0zfd7c5lsg235mbf9hv-git-2.51.2"
        }
      }
    },
    "github:NixOS/nixpkgs/nixpkgs-unstable": {
      "last_modified": "2025-12-17T01:17:14Z",
      "resolved": "github:NixOS/nixpkgs/af84f9d270d404c17699522fab95bbf928a2d92f?lastModified=1765934234"
    },
    "jq@latest": {
      "last_modified": "2025-12-29T16:45:58Z",
      "resolved": "github:NixOS/nixpkgs/346dd96ad74dc4457a9db9de4f4f57dab2e5731d#jq",
      "source": "devbox-search",
      "version": "1.8.1",
      "systems": {
        "aarch64-darwin": {
          "outputs": [
            {
              "name": "bin",
              "path": "/nix/store/4hy1mm43nvmjpnyfsa80csbsg4wd8691-jq-1.8.1-bin",
              "default": true
            },
            {
              "name": "man",
              "path": "/nix/store/054063ybv64v877qmqd55pl68hri679w-jq-1.8.1-man",
              "default": true
            },
            {
              "name": "out",
              "path": "/nix/store/an0a5rm99xsaj4pqfnlwsnc288rb4chm-jq-1.8.1"
            },
            {
              "name": "dev",
              "path": "/nix/store/1l5dl9d9mcpm7i0r5bhb23xczlfd2i0i-jq-1.8.1-dev"
            },
            {
              "name": "doc",
              "path": "/nix/store/baidiqpr2sqdv59asy5a3gajpfn8sqig-jq-1.8.1-doc"
            }
          ],
          "store_path": "/nix/store/4hy1mm43nvmjpnyfsa80csbsg4wd8691-jq-1.8.1-bin"
        },
        "aarch64-linux": {
          "outputs": [
            {
              "name": "bin",
              "path": "/nix/store/3rmzb92a65vp55dmmzmh2qygq5wkdmb8-jq-1.8.1-bin",
              "default": true
            },
            {
              "name": "man",
              "path": "/nix/store/44gwjhi00hwkpy0csxjnm1h5zcsbvymw-jq-1.8.1-man",
              "default": true
            },
            {
              "name": "dev",
              "path": "/nix/store/xqy22d0ny10bcsczlgg02ni5lgp5zjc8-jq-1.8.1-dev"
            },
            {
              "name": "doc",
              "path": "/nix/store/36zp3bh3q76jq8pix9g9j54v36ddz20n-jq-1.8.1-doc"
            },
            {
              "name": "out",
              "path": "/nix/store/h7qs29xm3i5zq058g0r0a0f8qzwfwpfv-jq-1.8.1"
            }
          ],
          "store_path": "/nix/store/3rmzb92a65vp55dmmzmh2qygq5wkdmb8-jq-1.8.1-bin"
        },
        "x86_64-darwin": {
          "outputs": [
            {
              "name": "bin",
              "path": "/nix/store/0kz2h1wisnvpmavfra6n8fi0x2brhfg6-jq-1.8.1-bin",
              "default": true
            },
            {
              "name": "man",
              "path": "/nix/store/8xvsm6pzpya6jc3vfmxagxj46iz9hix9-jq-1.8.1-man",
              "default": true
            },
            {
              "name": "dev",
              "path": "/nix/store/w96fml250mbz0p0an0f7p6zfblrpz0pn-jq-1.8.1-dev"
            },
            {
              "name": "doc",
              "path": "/nix/store/k388l1qgp6dcn80njl1by9x5i2jy8i0m-jq-1.8.1-doc"
            },
            {
              "name": "out",
              "path": "/nix/store/30wa9jl18hjfi5756chyg4kl1164d5wk-jq-1.8.1"
            }
          ],
          "store_path": "/nix/store/0kz2h1wisnvpmavfra6n8fi0x2brhfg6-jq-1.8.1-bin"
        },
        "x86_64-linux": {
          "outputs": [
            {
              "name": "bin",
              "path": "/nix/store/qvbwz06cqra3cmlra40v0adw75j6j7wm-jq-1.8.1-bin",
              "default": true
            },
            {
              "name": "man",
              "path": "/nix/store/6wpy08grkd8315ad3wsx8dd92cx5n26z-jq-1.8.1-man",
              "default": true
            },
            {
              "name": "out",
              "path": "/nix/store/gs6yqc24w093xsnnz3kkhls8jz7pnffy-jq-1.8.1"
            },
            {
              "name": "dev",
              "path": "/nix/store/jq07r49vk5wa10a1kk2y87nwbbl62qxz-jq-1.8.1-dev"
            },
            {
              "name": "doc",
              "path": "/nix/store/brd1gvvbq8bblpbizmyjhsfwr7nlmvyq-jq-1.8.1-doc"
            }
          ],
          "store_path": "/nix/store/qvbwz06cqra3cmlra40v0adw75j6j7wm-jq-1.8.1-bin"
        }
      }
    }
  }
}
